
Microsoft Visual Studio Solution File, Format Version 12.00
# Visual Studio Version 16
VisualStudioVersion = 16.0.31729.503
MinimumVisualStudioVersion = 10.0.40219.1
Project("{FAE04EC0-301F-11D3-BF4B-00C04F79EFBC}") = "bt8", "bt8\bt8.csproj", "{BD32E093-D95E-4A52-A8D9-AEF169B2D1A6}"
EndProject
Global
	GlobalSection(SolutionConfigurationPlatforms) = preSolution
		Debug|Any CPU = Debug|Any CPU
		Release|Any CPU = Release|Any CPU
	EndGlobalSection
	GlobalSection(ProjectConfigurationPlatforms) = postSolution
		{BD32E093-D95E-4A52-A8D9-AEF169B2D1A6}.Debug|Any CPU.ActiveCfg = Debug|Any CPU
		{BD32E093-D95E-4A52-A8D9-AEF169B2D1A6}.Debug|Any CPU.Build.0 = Debug|Any CPU
		{BD32E093-D95E-4A52-A8D9-AEF169B2D1A6}.Release|Any CPU.ActiveCfg = Release|Any CPU
		{BD32E093-D95E-4A52-A8D9-AEF169B2D1A6}.Release|Any CPU.Build.0 = Release|Any CPU
	EndGlobalSection
	GlobalSection(SolutionProperties) = preSolution
		HideSolutionNode = FALSE
	EndGlobalSection
	GlobalSection(ExtensibilityGlobals) = postSolution
		SolutionGuid = {379A2D90-C950-4038-AC82-6C1E818D0284}
	EndGlobalSection
EndGlobal
