
Microsoft Visual Studio Solution File, Format Version 12.00
# Visual Studio Version 16
VisualStudioVersion = 16.0.31729.503
MinimumVisualStudioVersion = 10.0.40219.1
Project("{FAE04EC0-301F-11D3-BF4B-00C04F79EFBC}") = "bt2", "bt2\bt2.csproj", "{E978D4AA-2AD6-4BED-BE2A-6A9ED45CE331}"
EndProject
Global
	GlobalSection(SolutionConfigurationPlatforms) = preSolution
		Debug|Any CPU = Debug|Any CPU
		Release|Any CPU = Release|Any CPU
	EndGlobalSection
	GlobalSection(ProjectConfigurationPlatforms) = postSolution
		{E978D4AA-2AD6-4BED-BE2A-6A9ED45CE331}.Debug|Any CPU.ActiveCfg = Debug|Any CPU
		{E978D4AA-2AD6-4BED-BE2A-6A9ED45CE331}.Debug|Any CPU.Build.0 = Debug|Any CPU
		{E978D4AA-2AD6-4BED-BE2A-6A9ED45CE331}.Release|Any CPU.ActiveCfg = Release|Any CPU
		{E978D4AA-2AD6-4BED-BE2A-6A9ED45CE331}.Release|Any CPU.Build.0 = Release|Any CPU
	EndGlobalSection
	GlobalSection(SolutionProperties) = preSolution
		HideSolutionNode = FALSE
	EndGlobalSection
	GlobalSection(ExtensibilityGlobals) = postSolution
		SolutionGuid = {4DA98766-4162-4EAB-9D63-0DFCCDE293E9}
	EndGlobalSection
EndGlobal
